{
  "requires": true,
  "lockfileVersion": 1,
  "dependencies": {
    "chart.js": {
      "version": "4.0.1",
      "resolved": "https://registry.npmjs.org/chart.js/-/chart.js-4.0.1.tgz",
      "integrity": "sha512-5/8/9eBivwBZK81mKvmIwTb2Pmw4D/5h1RK9fBWZLLZ8mCJ+kfYNmV9rMrGoa5Hgy2/wVDBMLSUDudul2/9ihA=="
    }
  }
}
